
Microsoft Visual Studio Solution File, Format Version 12.00
# Visual Studio 15
VisualStudioVersion = 15.0.27130.2010
MinimumVisualStudioVersion = 10.0.40219.1
Project("{9A19103F-16F7-4668-BE54-9A1E7A4F7556}") = "FitnessDestiny.Web", "FitnessDestiny.Web\FitnessDestiny.Web.csproj", "{A3207ECA-A259-44EB-A9AA-7676A78F7BC7}"
EndProject
Project("{9A19103F-16F7-4668-BE54-9A1E7A4F7556}") = "FitnessDestiny.Data", "FitnessDestiny.Data\FitnessDestiny.Data.csproj", "{AAE3CB81-50CE-4DD7-98E1-9DDAF8EDAC3B}"
EndProject
Project("{9A19103F-16F7-4668-BE54-9A1E7A4F7556}") = "FitnessDestiny.Services", "FitnessDestiny.Services\FitnessDestiny.Services.csproj", "{06E7E5AD-1EE5-4557-A7B8-85BA1B95F8D3}"
EndProject
Project("{9A19103F-16F7-4668-BE54-9A1E7A4F7556}") = "FitnessDestiny.Core", "FitnessDestiny.Core\FitnessDestiny.Core.csproj", "{B4FB409A-AC0D-4E8E-8DA2-956C479CDE52}"
EndProject
Project("{FAE04EC0-301F-11D3-BF4B-00C04F79EFBC}") = "FitnessDestiny.Tests", "FitnessDestiny.Tests\FitnessDestiny.Tests.csproj", "{4526F173-ED29-4C11-9FBB-FEB8D98B1C2F}"
EndProject
Global
	GlobalSection(SolutionConfigurationPlatforms) = preSolution
		Debug|Any CPU = Debug|Any CPU
		Release|Any CPU = Release|Any CPU
	EndGlobalSection
	GlobalSection(ProjectConfigurationPlatforms) = postSolution
		{A3207ECA-A259-44EB-A9AA-7676A78F7BC7}.Debug|Any CPU.ActiveCfg = Debug|Any CPU
		{A3207ECA-A259-44EB-A9AA-7676A78F7BC7}.Debug|Any CPU.Build.0 = Debug|Any CPU
		{A3207ECA-A259-44EB-A9AA-7676A78F7BC7}.Release|Any CPU.ActiveCfg = Release|Any CPU
		{A3207ECA-A259-44EB-A9AA-7676A78F7BC7}.Release|Any CPU.Build.0 = Release|Any CPU
		{AAE3CB81-50CE-4DD7-98E1-9DDAF8EDAC3B}.Debug|Any CPU.ActiveCfg = Debug|Any CPU
		{AAE3CB81-50CE-4DD7-98E1-9DDAF8EDAC3B}.Debug|Any CPU.Build.0 = Debug|Any CPU
		{AAE3CB81-50CE-4DD7-98E1-9DDAF8EDAC3B}.Release|Any CPU.ActiveCfg = Release|Any CPU
		{AAE3CB81-50CE-4DD7-98E1-9DDAF8EDAC3B}.Release|Any CPU.Build.0 = Release|Any CPU
		{06E7E5AD-1EE5-4557-A7B8-85BA1B95F8D3}.Debug|Any CPU.ActiveCfg = Debug|Any CPU
		{06E7E5AD-1EE5-4557-A7B8-85BA1B95F8D3}.Debug|Any CPU.Build.0 = Debug|Any CPU
		{06E7E5AD-1EE5-4557-A7B8-85BA1B95F8D3}.Release|Any CPU.ActiveCfg = Release|Any CPU
		{06E7E5AD-1EE5-4557-A7B8-85BA1B95F8D3}.Release|Any CPU.Build.0 = Release|Any CPU
		{B4FB409A-AC0D-4E8E-8DA2-956C479CDE52}.Debug|Any CPU.ActiveCfg = Debug|Any CPU
		{B4FB409A-AC0D-4E8E-8DA2-956C479CDE52}.Debug|Any CPU.Build.0 = Debug|Any CPU
		{B4FB409A-AC0D-4E8E-8DA2-956C479CDE52}.Release|Any CPU.ActiveCfg = Release|Any CPU
		{B4FB409A-AC0D-4E8E-8DA2-956C479CDE52}.Release|Any CPU.Build.0 = Release|Any CPU
		{4526F173-ED29-4C11-9FBB-FEB8D98B1C2F}.Debug|Any CPU.ActiveCfg = Debug|Any CPU
		{4526F173-ED29-4C11-9FBB-FEB8D98B1C2F}.Debug|Any CPU.Build.0 = Debug|Any CPU
		{4526F173-ED29-4C11-9FBB-FEB8D98B1C2F}.Release|Any CPU.ActiveCfg = Release|Any CPU
		{4526F173-ED29-4C11-9FBB-FEB8D98B1C2F}.Release|Any CPU.Build.0 = Release|Any CPU
	EndGlobalSection
	GlobalSection(SolutionProperties) = preSolution
		HideSolutionNode = FALSE
	EndGlobalSection
	GlobalSection(ExtensibilityGlobals) = postSolution
		SolutionGuid = {06AC3A3F-B3A7-4467-9F81-619F35A93885}
	EndGlobalSection
EndGlobal
