
Microsoft Visual Studio Solution File, Format Version 12.00
# Visual Studio 15
VisualStudioVersion = 15.0.27004.2009
MinimumVisualStudioVersion = 10.0.40219.1
Project("{FAE04EC0-301F-11D3-BF4B-00C04F79EFBC}") = "FitnessDestiny.Web", "FitnessDestiny.Web\FitnessDestiny.Web.csproj", "{A3207ECA-A259-44EB-A9AA-7676A78F7BC7}"
EndProject
Project("{FAE04EC0-301F-11D3-BF4B-00C04F79EFBC}") = "FitnessDestiny.Data", "FitnessDestiny.Data\FitnessDestiny.Data.csproj", "{AAE3CB81-50CE-4DD7-98E1-9DDAF8EDAC3B}"
EndProject
Global
	GlobalSection(SolutionConfigurationPlatforms) = preSolution
		Debug|Any CPU = Debug|Any CPU
		Release|Any CPU = Release|Any CPU
	EndGlobalSection
	GlobalSection(ProjectConfigurationPlatforms) = postSolution
		{A3207ECA-A259-44EB-A9AA-7676A78F7BC7}.Debug|Any CPU.ActiveCfg = Debug|Any CPU
		{A3207ECA-A259-44EB-A9AA-7676A78F7BC7}.Debug|Any CPU.Build.0 = Debug|Any CPU
		{A3207ECA-A259-44EB-A9AA-7676A78F7BC7}.Release|Any CPU.ActiveCfg = Release|Any CPU
		{A3207ECA-A259-44EB-A9AA-7676A78F7BC7}.Release|Any CPU.Build.0 = Release|Any CPU
		{AAE3CB81-50CE-4DD7-98E1-9DDAF8EDAC3B}.Debug|Any CPU.ActiveCfg = Debug|Any CPU
		{AAE3CB81-50CE-4DD7-98E1-9DDAF8EDAC3B}.Debug|Any CPU.Build.0 = Debug|Any CPU
		{AAE3CB81-50CE-4DD7-98E1-9DDAF8EDAC3B}.Release|Any CPU.ActiveCfg = Release|Any CPU
		{AAE3CB81-50CE-4DD7-98E1-9DDAF8EDAC3B}.Release|Any CPU.Build.0 = Release|Any CPU
	EndGlobalSection
	GlobalSection(SolutionProperties) = preSolution
		HideSolutionNode = FALSE
	EndGlobalSection
	GlobalSection(ExtensibilityGlobals) = postSolution
		SolutionGuid = {06AC3A3F-B3A7-4467-9F81-619F35A93885}
	EndGlobalSection
EndGlobal
